
Microsoft Visual Studio Solution File, Format Version 11.00
# Visual Studio 2010
Project("{FAE04EC0-301F-11D3-BF4B-00C04F79EFBC}") = "FluentHttp.Mono", "FluentHttp\FluentHttp.Mono.csproj", "{14C02613-EEB1-4F82-82C4-878548AB3FB9}"
EndProject
Global
	GlobalSection(SolutionConfigurationPlatforms) = preSolution
		Debug|Any CPU = Debug|Any CPU
		Release|Any CPU = Release|Any CPU
	EndGlobalSection
	GlobalSection(ProjectConfigurationPlatforms) = postSolution
		{14C02613-EEB1-4F82-82C4-878548AB3FB9}.Debug|Any CPU.ActiveCfg = Debug|Any CPU
		{14C02613-EEB1-4F82-82C4-878548AB3FB9}.Debug|Any CPU.Build.0 = Debug|Any CPU
		{14C02613-EEB1-4F82-82C4-878548AB3FB9}.Release|Any CPU.ActiveCfg = Release|Any CPU
		{14C02613-EEB1-4F82-82C4-878548AB3FB9}.Release|Any CPU.Build.0 = Release|Any CPU
	EndGlobalSection
	GlobalSection(MonoDevelopProperties) = preSolution
		StartupItem = FluentHttp\FluentHttp.Mono.csproj
	EndGlobalSection
EndGlobal
