
Microsoft Visual Studio Solution File, Format Version 11.00
# Visual Studio 2010
Project("{FAE04EC0-301F-11D3-BF4B-00C04F79EFBC}") = "FluentHttp-Net35", "FluentHttp\FluentHttp-Net35.csproj", "{F709320A-5FE4-4A25-B4BE-D0FC4736E2F8}"
EndProject
Global
	GlobalSection(SolutionConfigurationPlatforms) = preSolution
		Debug|Any CPU = Debug|Any CPU
		Release|Any CPU = Release|Any CPU
	EndGlobalSection
	GlobalSection(ProjectConfigurationPlatforms) = postSolution
		{F709320A-5FE4-4A25-B4BE-D0FC4736E2F8}.Debug|Any CPU.ActiveCfg = Debug|Any CPU
		{F709320A-5FE4-4A25-B4BE-D0FC4736E2F8}.Debug|Any CPU.Build.0 = Debug|Any CPU
		{F709320A-5FE4-4A25-B4BE-D0FC4736E2F8}.Release|Any CPU.ActiveCfg = Release|Any CPU
		{F709320A-5FE4-4A25-B4BE-D0FC4736E2F8}.Release|Any CPU.Build.0 = Release|Any CPU
	EndGlobalSection
	GlobalSection(SolutionProperties) = preSolution
		HideSolutionNode = FALSE
	EndGlobalSection
EndGlobal
