
Microsoft Visual Studio Solution File, Format Version 11.00
# Visual Studio 2010
Project("{FAE04EC0-301F-11D3-BF4B-00C04F79EFBC}") = "FluentHttp-SL4", "FluentHttp\FluentHttp-SL4.csproj", "{D54371FB-88DB-4829-8215-E3C454B59D46}"
EndProject
Global
	GlobalSection(SolutionConfigurationPlatforms) = preSolution
		Debug|Any CPU = Debug|Any CPU
		Release|Any CPU = Release|Any CPU
	EndGlobalSection
	GlobalSection(ProjectConfigurationPlatforms) = postSolution
		{D54371FB-88DB-4829-8215-E3C454B59D46}.Debug|Any CPU.ActiveCfg = Debug|Any CPU
		{D54371FB-88DB-4829-8215-E3C454B59D46}.Debug|Any CPU.Build.0 = Debug|Any CPU
		{D54371FB-88DB-4829-8215-E3C454B59D46}.Release|Any CPU.ActiveCfg = Release|Any CPU
		{D54371FB-88DB-4829-8215-E3C454B59D46}.Release|Any CPU.Build.0 = Release|Any CPU
	EndGlobalSection
	GlobalSection(SolutionProperties) = preSolution
		HideSolutionNode = FALSE
	EndGlobalSection
EndGlobal
