
Microsoft Visual Studio Solution File, Format Version 11.00
# Visual Studio 2010
Project("{FAE04EC0-301F-11D3-BF4B-00C04F79EFBC}") = "FluentHttp", "FluentHttp\FluentHttp.csproj", "{3AD95B76-5086-406A-BE3F-54825CFF25EB}"
EndProject
Project("{FAE04EC0-301F-11D3-BF4B-00C04F79EFBC}") = "FluentHttp.Tests", "FluentHttp.Tests\FluentHttp.Tests.csproj", "{59D0AEB5-4915-463A-B6C6-61BF3175A40F}"
EndProject
Project("{2150E333-8FDC-42A3-9474-1A3956D46DE8}") = "misc", "misc", "{571BB677-5541-433B-BA0D-0C370A79C03B}"
	ProjectSection(SolutionItems) = preProject
		..\rakefile.rb = ..\rakefile.rb
		..\VERSION = ..\VERSION
	EndProjectSection
EndProject
Global
	GlobalSection(SolutionConfigurationPlatforms) = preSolution
		Debug|Any CPU = Debug|Any CPU
		Release|Any CPU = Release|Any CPU
	EndGlobalSection
	GlobalSection(ProjectConfigurationPlatforms) = postSolution
		{3AD95B76-5086-406A-BE3F-54825CFF25EB}.Debug|Any CPU.ActiveCfg = Debug|Any CPU
		{3AD95B76-5086-406A-BE3F-54825CFF25EB}.Debug|Any CPU.Build.0 = Debug|Any CPU
		{3AD95B76-5086-406A-BE3F-54825CFF25EB}.Release|Any CPU.ActiveCfg = Release|Any CPU
		{3AD95B76-5086-406A-BE3F-54825CFF25EB}.Release|Any CPU.Build.0 = Release|Any CPU
		{59D0AEB5-4915-463A-B6C6-61BF3175A40F}.Debug|Any CPU.ActiveCfg = Debug|Any CPU
		{59D0AEB5-4915-463A-B6C6-61BF3175A40F}.Debug|Any CPU.Build.0 = Debug|Any CPU
		{59D0AEB5-4915-463A-B6C6-61BF3175A40F}.Release|Any CPU.ActiveCfg = Release|Any CPU
		{59D0AEB5-4915-463A-B6C6-61BF3175A40F}.Release|Any CPU.Build.0 = Release|Any CPU
	EndGlobalSection
	GlobalSection(SolutionProperties) = preSolution
		HideSolutionNode = FALSE
	EndGlobalSection
EndGlobal
